// !$*UTF8*$!
{
	archiveVersion = 1;
	classes = {
	};
	objectVersion = 46;
	objects = {

/* Begin PBXBuildFile section */
		315D50251F22A38A00B2AFD7 /* ComposeVC.storyboard in Resources */ = {isa = PBXBuildFile; fileRef = 315D50241F22A38A00B2AFD7 /* ComposeVC.storyboard */; };
		316E12BE1F2FBF39003E0C49 /* CategoryView.swift in Sources */ = {isa = PBXBuildFile; fileRef = 316E12BD1F2FBF39003E0C49 /* CategoryView.swift */; };
		316E12C01F2FC29E003E0C49 /* CategoryVC.xib in Resources */ = {isa = PBXBuildFile; fileRef = 316E12BF1F2FC29E003E0C49 /* CategoryVC.xib */; };
		31E7CB201F1EC43900115A37 /* ComposeViewController.swift in Sources */ = {isa = PBXBuildFile; fileRef = 31E7CB1E1F1EC43900115A37 /* ComposeViewController.swift */; };
		31F5EB991F2EB3DC00A412DD /* CategoryVC.storyboard in Resources */ = {isa = PBXBuildFile; fileRef = 31F5EB981F2EB3DC00A412DD /* CategoryVC.storyboard */; };
		31F5EB9F1F2EB8AD00A412DD /* CategoryViewController.swift in Sources */ = {isa = PBXBuildFile; fileRef = 31F5EB9E1F2EB8AD00A412DD /* CategoryViewController.swift */; };
		63AAE804872E0F735E5A3F92 /* Pods_Tinqer.framework in Frameworks */ = {isa = PBXBuildFile; fileRef = 3460543DC5F923EFF2ADFB81 /* Pods_Tinqer.framework */; };
		C00A522B1F1EB8390020DFD8 /* PersonalViewController.swift in Sources */ = {isa = PBXBuildFile; fileRef = C00A522A1F1EB8390020DFD8 /* PersonalViewController.swift */; };
		C00A522D1F1EB9160020DFD8 /* PersonalVC.storyboard in Resources */ = {isa = PBXBuildFile; fileRef = C00A522C1F1EB9160020DFD8 /* PersonalVC.storyboard */; };
		C00A52331F1EBA900020DFD8 /* User.swift in Sources */ = {isa = PBXBuildFile; fileRef = C00A52321F1EBA900020DFD8 /* User.swift */; };
		C00A52351F1EBA9D0020DFD8 /* Bloom.swift in Sources */ = {isa = PBXBuildFile; fileRef = C00A52341F1EBA9D0020DFD8 /* Bloom.swift */; };
		C00A52371F1EBAB10020DFD8 /* Category.swift in Sources */ = {isa = PBXBuildFile; fileRef = C00A52361F1EBAB10020DFD8 /* Category.swift */; };
		C0454F231F1580BD00344455 /* AppDelegate.swift in Sources */ = {isa = PBXBuildFile; fileRef = C0454F221F1580BD00344455 /* AppDelegate.swift */; };
		C0454F251F1580BD00344455 /* ViewController.swift in Sources */ = {isa = PBXBuildFile; fileRef = C0454F241F1580BD00344455 /* ViewController.swift */; };
		C0454F281F1580BD00344455 /* Main.storyboard in Resources */ = {isa = PBXBuildFile; fileRef = C0454F261F1580BD00344455 /* Main.storyboard */; };
		C0454F2A1F1580BD00344455 /* Assets.xcassets in Resources */ = {isa = PBXBuildFile; fileRef = C0454F291F1580BD00344455 /* Assets.xcassets */; };
		C0454F2D1F1580BD00344455 /* LaunchScreen.storyboard in Resources */ = {isa = PBXBuildFile; fileRef = C0454F2B1F1580BD00344455 /* LaunchScreen.storyboard */; };
		C0454F351F191F7300344455 /* SwipeViewController.swift in Sources */ = {isa = PBXBuildFile; fileRef = C0454F341F191F7300344455 /* SwipeViewController.swift */; };
		C07AE77E1F31194A00041470 /* UIButtonX.swift in Sources */ = {isa = PBXBuildFile; fileRef = C07AE7741F31194A00041470 /* UIButtonX.swift */; };
		C07AE77F1F31194A00041470 /* UIImageViewX.swift in Sources */ = {isa = PBXBuildFile; fileRef = C07AE7751F31194A00041470 /* UIImageViewX.swift */; };
		C07AE7801F31194A00041470 /* UILabelX.swift in Sources */ = {isa = PBXBuildFile; fileRef = C07AE7761F31194A00041470 /* UILabelX.swift */; };
		C07AE7811F31194A00041470 /* UISliderX.swift in Sources */ = {isa = PBXBuildFile; fileRef = C07AE7771F31194A00041470 /* UISliderX.swift */; };
		C07AE7821F31194A00041470 /* UITextFieldX.swift in Sources */ = {isa = PBXBuildFile; fileRef = C07AE7781F31194A00041470 /* UITextFieldX.swift */; };
		C07AE7841F31194A00041470 /* UIViewControllerX.swift in Sources */ = {isa = PBXBuildFile; fileRef = C07AE77A1F31194A00041470 /* UIViewControllerX.swift */; };
		C07AE7861F31194A00041470 /* UIViewXRadialGradient.swift in Sources */ = {isa = PBXBuildFile; fileRef = C07AE77C1F31194A00041470 /* UIViewXRadialGradient.swift */; };
		C07AE7871F31194A00041470 /* UIVisualEffectViewX.swift in Sources */ = {isa = PBXBuildFile; fileRef = C07AE77D1F31194A00041470 /* UIVisualEffectViewX.swift */; };
/* End PBXBuildFile section */

/* Begin PBXFileReference section */
		315D50241F22A38A00B2AFD7 /* ComposeVC.storyboard */ = {isa = PBXFileReference; lastKnownFileType = file.storyboard; path = ComposeVC.storyboard; sourceTree = "<group>"; };
		316E12BD1F2FBF39003E0C49 /* CategoryView.swift */ = {isa = PBXFileReference; lastKnownFileType = sourcecode.swift; path = CategoryView.swift; sourceTree = "<group>"; };
		316E12BF1F2FC29E003E0C49 /* CategoryVC.xib */ = {isa = PBXFileReference; lastKnownFileType = file.xib; path = CategoryVC.xib; sourceTree = "<group>"; };
		31E7CB1E1F1EC43900115A37 /* ComposeViewController.swift */ = {isa = PBXFileReference; fileEncoding = 4; lastKnownFileType = sourcecode.swift; name = ComposeViewController.swift; path = ../ComposeViewController.swift; sourceTree = "<group>"; };
		31F5EB981F2EB3DC00A412DD /* CategoryVC.storyboard */ = {isa = PBXFileReference; lastKnownFileType = file.storyboard; path = CategoryVC.storyboard; sourceTree = "<group>"; };
		31F5EB9E1F2EB8AD00A412DD /* CategoryViewController.swift */ = {isa = PBXFileReference; lastKnownFileType = sourcecode.swift; path = CategoryViewController.swift; sourceTree = "<group>"; };
		3460543DC5F923EFF2ADFB81 /* Pods_Tinqer.framework */ = {isa = PBXFileReference; explicitFileType = wrapper.framework; includeInIndex = 0; path = Pods_Tinqer.framework; sourceTree = BUILT_PRODUCTS_DIR; };
		932957BBEE2166DAFC236710 /* Pods-Tinqer.release.xcconfig */ = {isa = PBXFileReference; includeInIndex = 1; lastKnownFileType = text.xcconfig; name = "Pods-Tinqer.release.xcconfig"; path = "Pods/Target Support Files/Pods-Tinqer/Pods-Tinqer.release.xcconfig"; sourceTree = "<group>"; };
		C00A522A1F1EB8390020DFD8 /* PersonalViewController.swift */ = {isa = PBXFileReference; lastKnownFileType = sourcecode.swift; path = PersonalViewController.swift; sourceTree = "<group>"; };
		C00A522C1F1EB9160020DFD8 /* PersonalVC.storyboard */ = {isa = PBXFileReference; lastKnownFileType = file.storyboard; path = PersonalVC.storyboard; sourceTree = "<group>"; };
		C00A52321F1EBA900020DFD8 /* User.swift */ = {isa = PBXFileReference; lastKnownFileType = sourcecode.swift; path = User.swift; sourceTree = "<group>"; };
		C00A52341F1EBA9D0020DFD8 /* Bloom.swift */ = {isa = PBXFileReference; lastKnownFileType = sourcecode.swift; path = Bloom.swift; sourceTree = "<group>"; };
		C00A52361F1EBAB10020DFD8 /* Category.swift */ = {isa = PBXFileReference; lastKnownFileType = sourcecode.swift; path = Category.swift; sourceTree = "<group>"; };
		C0454F1F1F1580BD00344455 /* Tinqer.app */ = {isa = PBXFileReference; explicitFileType = wrapper.application; includeInIndex = 0; path = Tinqer.app; sourceTree = BUILT_PRODUCTS_DIR; };
		C0454F221F1580BD00344455 /* AppDelegate.swift */ = {isa = PBXFileReference; lastKnownFileType = sourcecode.swift; path = AppDelegate.swift; sourceTree = "<group>"; };
		C0454F241F1580BD00344455 /* ViewController.swift */ = {isa = PBXFileReference; lastKnownFileType = sourcecode.swift; path = ViewController.swift; sourceTree = "<group>"; };
		C0454F271F1580BD00344455 /* Base */ = {isa = PBXFileReference; lastKnownFileType = file.storyboard; name = Base; path = Base.lproj/Main.storyboard; sourceTree = "<group>"; };
		C0454F291F1580BD00344455 /* Assets.xcassets */ = {isa = PBXFileReference; lastKnownFileType = folder.assetcatalog; path = Assets.xcassets; sourceTree = "<group>"; };
		C0454F2C1F1580BD00344455 /* Base */ = {isa = PBXFileReference; lastKnownFileType = file.storyboard; name = Base; path = Base.lproj/LaunchScreen.storyboard; sourceTree = "<group>"; };
		C0454F2E1F1580BD00344455 /* Info.plist */ = {isa = PBXFileReference; lastKnownFileType = text.plist.xml; path = Info.plist; sourceTree = "<group>"; };
		C0454F341F191F7300344455 /* SwipeViewController.swift */ = {isa = PBXFileReference; fileEncoding = 4; lastKnownFileType = sourcecode.swift; path = SwipeViewController.swift; sourceTree = "<group>"; };
		C07AE7741F31194A00041470 /* UIButtonX.swift */ = {isa = PBXFileReference; fileEncoding = 4; lastKnownFileType = sourcecode.swift; path = UIButtonX.swift; sourceTree = "<group>"; };
		C07AE7751F31194A00041470 /* UIImageViewX.swift */ = {isa = PBXFileReference; fileEncoding = 4; lastKnownFileType = sourcecode.swift; path = UIImageViewX.swift; sourceTree = "<group>"; };
		C07AE7761F31194A00041470 /* UILabelX.swift */ = {isa = PBXFileReference; fileEncoding = 4; lastKnownFileType = sourcecode.swift; path = UILabelX.swift; sourceTree = "<group>"; };
		C07AE7771F31194A00041470 /* UISliderX.swift */ = {isa = PBXFileReference; fileEncoding = 4; lastKnownFileType = sourcecode.swift; path = UISliderX.swift; sourceTree = "<group>"; };
		C07AE7781F31194A00041470 /* UITextFieldX.swift */ = {isa = PBXFileReference; fileEncoding = 4; lastKnownFileType = sourcecode.swift; path = UITextFieldX.swift; sourceTree = "<group>"; };
		C07AE7791F31194A00041470 /* UIViewAnchorPoint.swift */ = {isa = PBXFileReference; fileEncoding = 4; lastKnownFileType = sourcecode.swift; path = UIViewAnchorPoint.swift; sourceTree = "<group>"; };
		C07AE77A1F31194A00041470 /* UIViewControllerX.swift */ = {isa = PBXFileReference; fileEncoding = 4; lastKnownFileType = sourcecode.swift; path = UIViewControllerX.swift; sourceTree = "<group>"; };
		C07AE77B1F31194A00041470 /* UIViewX.swift */ = {isa = PBXFileReference; fileEncoding = 4; lastKnownFileType = sourcecode.swift; path = UIViewX.swift; sourceTree = "<group>"; };
		C07AE77C1F31194A00041470 /* UIViewXRadialGradient.swift */ = {isa = PBXFileReference; fileEncoding = 4; lastKnownFileType = sourcecode.swift; path = UIViewXRadialGradient.swift; sourceTree = "<group>"; };
		C07AE77D1F31194A00041470 /* UIVisualEffectViewX.swift */ = {isa = PBXFileReference; fileEncoding = 4; lastKnownFileType = sourcecode.swift; path = UIVisualEffectViewX.swift; sourceTree = "<group>"; };
		C07AE7881F3119E000041470 /* FloatingActionButton.swift */ = {isa = PBXFileReference; lastKnownFileType = sourcecode.swift; path = FloatingActionButton.swift; sourceTree = "<group>"; };
		DAB40E6C34E46BCBB28B08F8 /* Pods-Tinqer.debug.xcconfig */ = {isa = PBXFileReference; includeInIndex = 1; lastKnownFileType = text.xcconfig; name = "Pods-Tinqer.debug.xcconfig"; path = "Pods/Target Support Files/Pods-Tinqer/Pods-Tinqer.debug.xcconfig"; sourceTree = "<group>"; };
/* End PBXFileReference section */

/* Begin PBXFrameworksBuildPhase section */
		C0454F1C1F1580BD00344455 /* Frameworks */ = {
			isa = PBXFrameworksBuildPhase;
			buildActionMask = 2147483647;
			files = (
				63AAE804872E0F735E5A3F92 /* Pods_Tinqer.framework in Frameworks */,
			);
			runOnlyForDeploymentPostprocessing = 0;
		};
/* End PBXFrameworksBuildPhase section */

/* Begin PBXGroup section */
		91D7E188C9E1B697376B4DA4 /* Pods */ = {
			isa = PBXGroup;
			children = (
				DAB40E6C34E46BCBB28B08F8 /* Pods-Tinqer.debug.xcconfig */,
				932957BBEE2166DAFC236710 /* Pods-Tinqer.release.xcconfig */,
			);
			name = Pods;
			sourceTree = "<group>";
		};
		C00A522E1F1EBA3E0020DFD8 /* Model */ = {
			isa = PBXGroup;
			children = (
				C00A52321F1EBA900020DFD8 /* User.swift */,
				C00A52341F1EBA9D0020DFD8 /* Bloom.swift */,
				C00A52361F1EBAB10020DFD8 /* Category.swift */,
			);
			path = Model;
			sourceTree = "<group>";
		};
		C00A522F1F1EBA460020DFD8 /* View */ = {
			isa = PBXGroup;
			children = (
				316E12BF1F2FC29E003E0C49 /* CategoryVC.xib */,
				31F5EB981F2EB3DC00A412DD /* CategoryVC.storyboard */,
				315D50241F22A38A00B2AFD7 /* ComposeVC.storyboard */,
				C0454F261F1580BD00344455 /* Main.storyboard */,
				C00A522C1F1EB9160020DFD8 /* PersonalVC.storyboard */,
				C0454F2B1F1580BD00344455 /* LaunchScreen.storyboard */,
			);
			path = View;
			sourceTree = "<group>";
		};
		C00A52301F1EBA4C0020DFD8 /* Controller */ = {
			isa = PBXGroup;
			children = (
				C0454F221F1580BD00344455 /* AppDelegate.swift */,
				31F5EB9E1F2EB8AD00A412DD /* CategoryViewController.swift */,
				316E12BD1F2FBF39003E0C49 /* CategoryView.swift */,
				31E7CB1E1F1EC43900115A37 /* ComposeViewController.swift */,
				C00A522A1F1EB8390020DFD8 /* PersonalViewController.swift */,
				C0454F341F191F7300344455 /* SwipeViewController.swift */,
				C07AE7881F3119E000041470 /* FloatingActionButton.swift */,
				C0454F241F1580BD00344455 /* ViewController.swift */,
			);
			path = Controller;
			sourceTree = "<group>";
		};
		C00A52311F1EBA5A0020DFD8 /* Supplementary */ = {
			isa = PBXGroup;
			children = (
				C07AE7731F31194A00041470 /* DesignableX */,
				C0454F291F1580BD00344455 /* Assets.xcassets */,
			);
			path = Supplementary;
			sourceTree = "<group>";
		};
		C0454F161F1580BD00344455 = {
			isa = PBXGroup;
			children = (
				C0454F211F1580BD00344455 /* Tinqer */,
				C0454F201F1580BD00344455 /* Products */,
				91D7E188C9E1B697376B4DA4 /* Pods */,
				C3DB88797036D111CEB82522 /* Frameworks */,
			);
			sourceTree = "<group>";
		};
		C0454F201F1580BD00344455 /* Products */ = {
			isa = PBXGroup;
			children = (
				C0454F1F1F1580BD00344455 /* Tinqer.app */,
			);
			name = Products;
			sourceTree = "<group>";
		};
		C0454F211F1580BD00344455 /* Tinqer */ = {
			isa = PBXGroup;
			children = (
				C0454F2E1F1580BD00344455 /* Info.plist */,
				C00A52301F1EBA4C0020DFD8 /* Controller */,
				C00A522F1F1EBA460020DFD8 /* View */,
				C00A522E1F1EBA3E0020DFD8 /* Model */,
				C00A52311F1EBA5A0020DFD8 /* Supplementary */,
			);
			path = Tinqer;
			sourceTree = "<group>";
		};
		C07AE7731F31194A00041470 /* DesignableX */ = {
			isa = PBXGroup;
			children = (
				C07AE7741F31194A00041470 /* UIButtonX.swift */,
				C07AE7751F31194A00041470 /* UIImageViewX.swift */,
				C07AE7761F31194A00041470 /* UILabelX.swift */,
				C07AE7771F31194A00041470 /* UISliderX.swift */,
				C07AE7781F31194A00041470 /* UITextFieldX.swift */,
				C07AE7791F31194A00041470 /* UIViewAnchorPoint.swift */,
				C07AE77A1F31194A00041470 /* UIViewControllerX.swift */,
				C07AE77B1F31194A00041470 /* UIViewX.swift */,
				C07AE77C1F31194A00041470 /* UIViewXRadialGradient.swift */,
				C07AE77D1F31194A00041470 /* UIVisualEffectViewX.swift */,
			);
			name = DesignableX;
			path = ../../../../Clones/DesignableX/DesignableXTesting/DesignableXTesting/DesignableX;
			sourceTree = "<group>";
		};
		C3DB88797036D111CEB82522 /* Frameworks */ = {
			isa = PBXGroup;
			children = (
				3460543DC5F923EFF2ADFB81 /* Pods_Tinqer.framework */,
			);
			name = Frameworks;
			sourceTree = "<group>";
		};
/* End PBXGroup section */

/* Begin PBXNativeTarget section */
		C0454F1E1F1580BD00344455 /* Tinqer */ = {
			isa = PBXNativeTarget;
			buildConfigurationList = C0454F311F1580BD00344455 /* Build configuration list for PBXNativeTarget "Tinqer" */;
			buildPhases = (
				E21CF069178B3E8BDD14D31E /* [CP] Check Pods Manifest.lock */,
				C0454F1B1F1580BD00344455 /* Sources */,
				C0454F1C1F1580BD00344455 /* Frameworks */,
				C0454F1D1F1580BD00344455 /* Resources */,
				12166EF4E8C20F3A3AA4E316 /* [CP] Embed Pods Frameworks */,
				74DB8EB2DD88836C7FFB5494 /* [CP] Copy Pods Resources */,
			);
			buildRules = (
			);
			dependencies = (
			);
			name = Tinqer;
			productName = Tinqer;
			productReference = C0454F1F1F1580BD00344455 /* Tinqer.app */;
			productType = "com.apple.product-type.application";
		};
/* End PBXNativeTarget section */

/* Begin PBXProject section */
		C0454F171F1580BD00344455 /* Project object */ = {
			isa = PBXProject;
			attributes = {
				LastSwiftUpdateCheck = 0830;
				LastUpgradeCheck = 0900;
				ORGANIZATIONNAME = Sergtsaeb;
				TargetAttributes = {
					C0454F1E1F1580BD00344455 = {
						CreatedOnToolsVersion = 8.3.2;
						DevelopmentTeam = P42QZ5498J;
						ProvisioningStyle = Automatic;
					};
				};
			};
			buildConfigurationList = C0454F1A1F1580BD00344455 /* Build configuration list for PBXProject "Tinqer" */;
			compatibilityVersion = "Xcode 3.2";
			developmentRegion = English;
			hasScannedForEncodings = 0;
			knownRegions = (
				en,
				Base,
			);
			mainGroup = C0454F161F1580BD00344455;
			productRefGroup = C0454F201F1580BD00344455 /* Products */;
			projectDirPath = "";
			projectRoot = "";
			targets = (
				C0454F1E1F1580BD00344455 /* Tinqer */,
			);
		};
/* End PBXProject section */

/* Begin PBXResourcesBuildPhase section */
		C0454F1D1F1580BD00344455 /* Resources */ = {
			isa = PBXResourcesBuildPhase;
			buildActionMask = 2147483647;
			files = (
				C0454F2D1F1580BD00344455 /* LaunchScreen.storyboard in Resources */,
				31F5EB991F2EB3DC00A412DD /* CategoryVC.storyboard in Resources */,
				C00A522D1F1EB9160020DFD8 /* PersonalVC.storyboard in Resources */,
				C0454F2A1F1580BD00344455 /* Assets.xcassets in Resources */,
				315D50251F22A38A00B2AFD7 /* ComposeVC.storyboard in Resources */,
				C0454F281F1580BD00344455 /* Main.storyboard in Resources */,
				316E12C01F2FC29E003E0C49 /* CategoryVC.xib in Resources */,
			);
			runOnlyForDeploymentPostprocessing = 0;
		};
/* End PBXResourcesBuildPhase section */

/* Begin PBXShellScriptBuildPhase section */
		12166EF4E8C20F3A3AA4E316 /* [CP] Embed Pods Frameworks */ = {
			isa = PBXShellScriptBuildPhase;
			buildActionMask = 2147483647;
			files = (
			);
			inputPaths = (
			);
			name = "[CP] Embed Pods Frameworks";
			outputPaths = (
			);
			runOnlyForDeploymentPostprocessing = 0;
			shellPath = /bin/sh;
			shellScript = "\"${SRCROOT}/Pods/Target Support Files/Pods-Tinqer/Pods-Tinqer-frameworks.sh\"\n";
			showEnvVarsInLog = 0;
		};
		74DB8EB2DD88836C7FFB5494 /* [CP] Copy Pods Resources */ = {
			isa = PBXShellScriptBuildPhase;
			buildActionMask = 2147483647;
			files = (
			);
			inputPaths = (
			);
			name = "[CP] Copy Pods Resources";
			outputPaths = (
			);
			runOnlyForDeploymentPostprocessing = 0;
			shellPath = /bin/sh;
			shellScript = "\"${SRCROOT}/Pods/Target Support Files/Pods-Tinqer/Pods-Tinqer-resources.sh\"\n";
			showEnvVarsInLog = 0;
		};
		E21CF069178B3E8BDD14D31E /* [CP] Check Pods Manifest.lock */ = {
			isa = PBXShellScriptBuildPhase;
			buildActionMask = 2147483647;
			files = (
			);
			inputPaths = (
			);
			name = "[CP] Check Pods Manifest.lock";
			outputPaths = (
			);
			runOnlyForDeploymentPostprocessing = 0;
			shellPath = /bin/sh;
			shellScript = "diff \"${PODS_PODFILE_DIR_PATH}/Podfile.lock\" \"${PODS_ROOT}/Manifest.lock\" > /dev/null\nif [ $? != 0 ] ; then\n    # print error to STDERR\n    echo \"error: The sandbox is not in sync with the Podfile.lock. Run 'pod install' or update your CocoaPods installation.\" >&2\n    exit 1\nfi\n";
			showEnvVarsInLog = 0;
		};
/* End PBXShellScriptBuildPhase section */

/* Begin PBXSourcesBuildPhase section */
		C0454F1B1F1580BD00344455 /* Sources */ = {
			isa = PBXSourcesBuildPhase;
			buildActionMask = 2147483647;
			files = (
				C07AE7861F31194A00041470 /* UIViewXRadialGradient.swift in Sources */,
				C07AE7841F31194A00041470 /* UIViewControllerX.swift in Sources */,
				C07AE7871F31194A00041470 /* UIVisualEffectViewX.swift in Sources */,
				C07AE7801F31194A00041470 /* UILabelX.swift in Sources */,
				C0454F251F1580BD00344455 /* ViewController.swift in Sources */,
				C07AE77F1F31194A00041470 /* UIImageViewX.swift in Sources */,
				C07AE7811F31194A00041470 /* UISliderX.swift in Sources */,
				C00A52351F1EBA9D0020DFD8 /* Bloom.swift in Sources */,
				C07AE7821F31194A00041470 /* UITextFieldX.swift in Sources */,
				C00A522B1F1EB8390020DFD8 /* PersonalViewController.swift in Sources */,
				31E7CB201F1EC43900115A37 /* ComposeViewController.swift in Sources */,
				316E12BE1F2FBF39003E0C49 /* CategoryView.swift in Sources */,
				C00A52331F1EBA900020DFD8 /* User.swift in Sources */,
				C07AE77E1F31194A00041470 /* UIButtonX.swift in Sources */,
				C0454F231F1580BD00344455 /* AppDelegate.swift in Sources */,
				C0454F351F191F7300344455 /* SwipeViewController.swift in Sources */,
				31F5EB9F1F2EB8AD00A412DD /* CategoryViewController.swift in Sources */,
				C00A52371F1EBAB10020DFD8 /* Category.swift in Sources */,
			);
			runOnlyForDeploymentPostprocessing = 0;
		};
/* End PBXSourcesBuildPhase section */

/* Begin PBXVariantGroup section */
		C0454F261F1580BD00344455 /* Main.storyboard */ = {
			isa = PBXVariantGroup;
			children = (
				C0454F271F1580BD00344455 /* Base */,
			);
			name = Main.storyboard;
			sourceTree = "<group>";
		};
		C0454F2B1F1580BD00344455 /* LaunchScreen.storyboard */ = {
			isa = PBXVariantGroup;
			children = (
				C0454F2C1F1580BD00344455 /* Base */,
			);
			name = LaunchScreen.storyboard;
			sourceTree = "<group>";
		};
/* End PBXVariantGroup section */

/* Begin XCBuildConfiguration section */
		C0454F2F1F1580BD00344455 /* Debug */ = {
			isa = XCBuildConfiguration;
			buildSettings = {
				ALWAYS_SEARCH_USER_PATHS = NO;
				CLANG_ANALYZER_NONNULL = YES;
				CLANG_ANALYZER_NUMBER_OBJECT_CONVERSION = YES_AGGRESSIVE;
				CLANG_CXX_LANGUAGE_STANDARD = "gnu++0x";
				CLANG_CXX_LIBRARY = "libc++";
				CLANG_ENABLE_MODULES = YES;
				CLANG_ENABLE_OBJC_ARC = YES;
				CLANG_WARN_BLOCK_CAPTURE_AUTORELEASING = YES;
				CLANG_WARN_BOOL_CONVERSION = YES;
				CLANG_WARN_COMMA = YES;
				CLANG_WARN_CONSTANT_CONVERSION = YES;
				CLANG_WARN_DIRECT_OBJC_ISA_USAGE = YES_ERROR;
				CLANG_WARN_DOCUMENTATION_COMMENTS = YES;
				CLANG_WARN_EMPTY_BODY = YES;
				CLANG_WARN_ENUM_CONVERSION = YES;
				CLANG_WARN_INFINITE_RECURSION = YES;
				CLANG_WARN_INT_CONVERSION = YES;
				CLANG_WARN_NON_LITERAL_NULL_CONVERSION = YES;
				CLANG_WARN_OBJC_LITERAL_CONVERSION = YES;
				CLANG_WARN_OBJC_ROOT_CLASS = YES_ERROR;
				CLANG_WARN_RANGE_LOOP_ANALYSIS = YES;
				CLANG_WARN_STRICT_PROTOTYPES = YES;
				CLANG_WARN_SUSPICIOUS_MOVE = YES;
				CLANG_WARN_UNREACHABLE_CODE = YES;
				CLANG_WARN__DUPLICATE_METHOD_MATCH = YES;
				"CODE_SIGN_IDENTITY[sdk=iphoneos*]" = "iPhone Developer";
				COPY_PHASE_STRIP = NO;
				DEBUG_INFORMATION_FORMAT = dwarf;
				ENABLE_STRICT_OBJC_MSGSEND = YES;
				ENABLE_TESTABILITY = YES;
				GCC_C_LANGUAGE_STANDARD = gnu99;
				GCC_DYNAMIC_NO_PIC = NO;
				GCC_NO_COMMON_BLOCKS = YES;
				GCC_OPTIMIZATION_LEVEL = 0;
				GCC_PREPROCESSOR_DEFINITIONS = (
					"DEBUG=1",
					"$(inherited)",
				);
				GCC_WARN_64_TO_32_BIT_CONVERSION = YES;
				GCC_WARN_ABOUT_RETURN_TYPE = YES_ERROR;
				GCC_WARN_UNDECLARED_SELECTOR = YES;
				GCC_WARN_UNINITIALIZED_AUTOS = YES_AGGRESSIVE;
				GCC_WARN_UNUSED_FUNCTION = YES;
				GCC_WARN_UNUSED_VARIABLE = YES;
				IPHONEOS_DEPLOYMENT_TARGET = 9.0;
				MTL_ENABLE_DEBUG_INFO = YES;
				ONLY_ACTIVE_ARCH = YES;
				SDKROOT = iphoneos;
				SWIFT_ACTIVE_COMPILATION_CONDITIONS = DEBUG;
				SWIFT_OPTIMIZATION_LEVEL = "-Onone";
				TARGETED_DEVICE_FAMILY = "1,2";
			};
			name = Debug;
		};
		C0454F301F1580BD00344455 /* Release */ = {
			isa = XCBuildConfiguration;
			buildSettings = {
				ALWAYS_SEARCH_USER_PATHS = NO;
				CLANG_ANALYZER_NONNULL = YES;
				CLANG_ANALYZER_NUMBER_OBJECT_CONVERSION = YES_AGGRESSIVE;
				CLANG_CXX_LANGUAGE_STANDARD = "gnu++0x";
				CLANG_CXX_LIBRARY = "libc++";
				CLANG_ENABLE_MODULES = YES;
				CLANG_ENABLE_OBJC_ARC = YES;
				CLANG_WARN_BLOCK_CAPTURE_AUTORELEASING = YES;
				CLANG_WARN_BOOL_CONVERSION = YES;
				CLANG_WARN_COMMA = YES;
				CLANG_WARN_CONSTANT_CONVERSION = YES;
				CLANG_WARN_DIRECT_OBJC_ISA_USAGE = YES_ERROR;
				CLANG_WARN_DOCUMENTATION_COMMENTS = YES;
				CLANG_WARN_EMPTY_BODY = YES;
				CLANG_WARN_ENUM_CONVERSION = YES;
				CLANG_WARN_INFINITE_RECURSION = YES;
				CLANG_WARN_INT_CONVERSION = YES;
				CLANG_WARN_NON_LITERAL_NULL_CONVERSION = YES;
				CLANG_WARN_OBJC_LITERAL_CONVERSION = YES;
				CLANG_WARN_OBJC_ROOT_CLASS = YES_ERROR;
				CLANG_WARN_RANGE_LOOP_ANALYSIS = YES;
				CLANG_WARN_STRICT_PROTOTYPES = YES;
				CLANG_WARN_SUSPICIOUS_MOVE = YES;
				CLANG_WARN_UNREACHABLE_CODE = YES;
				CLANG_WARN__DUPLICATE_METHOD_MATCH = YES;
				"CODE_SIGN_IDENTITY[sdk=iphoneos*]" = "iPhone Developer";
				COPY_PHASE_STRIP = NO;
				DEBUG_INFORMATION_FORMAT = "dwarf-with-dsym";
				ENABLE_NS_ASSERTIONS = NO;
				ENABLE_STRICT_OBJC_MSGSEND = YES;
				GCC_C_LANGUAGE_STANDARD = gnu99;
				GCC_NO_COMMON_BLOCKS = YES;
				GCC_WARN_64_TO_32_BIT_CONVERSION = YES;
				GCC_WARN_ABOUT_RETURN_TYPE = YES_ERROR;
				GCC_WARN_UNDECLARED_SELECTOR = YES;
				GCC_WARN_UNINITIALIZED_AUTOS = YES_AGGRESSIVE;
				GCC_WARN_UNUSED_FUNCTION = YES;
				GCC_WARN_UNUSED_VARIABLE = YES;
				IPHONEOS_DEPLOYMENT_TARGET = 9.0;
				MTL_ENABLE_DEBUG_INFO = NO;
				SDKROOT = iphoneos;
				SWIFT_OPTIMIZATION_LEVEL = "-Owholemodule";
				TARGETED_DEVICE_FAMILY = "1,2";
				VALIDATE_PRODUCT = YES;
			};
			name = Release;
		};
		C0454F321F1580BD00344455 /* Debug */ = {
			isa = XCBuildConfiguration;
			baseConfigurationReference = DAB40E6C34E46BCBB28B08F8 /* Pods-Tinqer.debug.xcconfig */;
			buildSettings = {
				ASSETCATALOG_COMPILER_APPICON_NAME = AppIcon;
				DEVELOPMENT_TEAM = P42QZ5498J;
				INFOPLIST_FILE = Tinqer/Info.plist;
				LD_RUNPATH_SEARCH_PATHS = "$(inherited) @executable_path/Frameworks";
				PRODUCT_BUNDLE_IDENTIFIER = com.sergtsaeb.Tinqer;
				PRODUCT_NAME = "$(TARGET_NAME)";
				SWIFT_VERSION = 3.0;
			};
			name = Debug;
		};
		C0454F331F1580BD00344455 /* Release */ = {
			isa = XCBuildConfiguration;
			baseConfigurationReference = 932957BBEE2166DAFC236710 /* Pods-Tinqer.release.xcconfig */;
			buildSettings = {
				ASSETCATALOG_COMPILER_APPICON_NAME = AppIcon;
				DEVELOPMENT_TEAM = P42QZ5498J;
				INFOPLIST_FILE = Tinqer/Info.plist;
				LD_RUNPATH_SEARCH_PATHS = "$(inherited) @executable_path/Frameworks";
				PRODUCT_BUNDLE_IDENTIFIER = com.sergtsaeb.Tinqer;
				PRODUCT_NAME = "$(TARGET_NAME)";
				SWIFT_VERSION = 3.0;
			};
			name = Release;
		};
/* End XCBuildConfiguration section */

/* Begin XCConfigurationList section */
		C0454F1A1F1580BD00344455 /* Build configuration list for PBXProject "Tinqer" */ = {
			isa = XCConfigurationList;
			buildConfigurations = (
				C0454F2F1F1580BD00344455 /* Debug */,
				C0454F301F1580BD00344455 /* Release */,
			);
			defaultConfigurationIsVisible = 0;
			defaultConfigurationName = Release;
		};
		C0454F311F1580BD00344455 /* Build configuration list for PBXNativeTarget "Tinqer" */ = {
			isa = XCConfigurationList;
			buildConfigurations = (
				C0454F321F1580BD00344455 /* Debug */,
				C0454F331F1580BD00344455 /* Release */,
			);
			defaultConfigurationIsVisible = 0;
			defaultConfigurationName = Release;
		};
/* End XCConfigurationList section */
	};
	rootObject = C0454F171F1580BD00344455 /* Project object */;
}
